// !$*UTF8*$!
{
	archiveVersion = 1;
	classes = {
	};
	objectVersion = 55;
	objects = {

/* Begin PBXBuildFile section */
		DC3455CE27ED9C1900FBBA89 /* AccountSummaryCell.swift in Sources */ = {isa = PBXBuildFile; fileRef = DC3455CD27ED9C1900FBBA89 /* AccountSummaryCell.swift */; };
		DC3455D027EEBA8900FBBA89 /* DecimalUtils.swift in Sources */ = {isa = PBXBuildFile; fileRef = DC3455CF27EEBA8900FBBA89 /* DecimalUtils.swift */; };
		DC3455D227EEBABA00FBBA89 /* CurrencyFormatter.swift in Sources */ = {isa = PBXBuildFile; fileRef = DC3455D127EEBABA00FBBA89 /* CurrencyFormatter.swift */; };
		DC3455E127EEC4E400FBBA89 /* CurrencyFormatterTests.swift in Sources */ = {isa = PBXBuildFile; fileRef = DC3455E027EEC4E400FBBA89 /* CurrencyFormatterTests.swift */; };
		DC3455E327EF494200FBBA89 /* NSNotificationName.swift in Sources */ = {isa = PBXBuildFile; fileRef = DC3455E227EF494200FBBA89 /* NSNotificationName.swift */; };
		DC3455E527EF4C7300FBBA89 /* UITextField+SecureToggle.swift in Sources */ = {isa = PBXBuildFile; fileRef = DC3455E427EF4C7300FBBA89 /* UITextField+SecureToggle.swift */; };
		DCDC47C327E73A9F007497AB /* AppDelegate.swift in Sources */ = {isa = PBXBuildFile; fileRef = DCDC47C227E73A9F007497AB /* AppDelegate.swift */; };
		DCDC47C727E73A9F007497AB /* LoginViewController.swift in Sources */ = {isa = PBXBuildFile; fileRef = DCDC47C627E73A9F007497AB /* LoginViewController.swift */; };
		DCDC47CC27E73A9F007497AB /* Assets.xcassets in Resources */ = {isa = PBXBuildFile; fileRef = DCDC47CB27E73A9F007497AB /* Assets.xcassets */; };
		DCDC47CF27E73A9F007497AB /* LaunchScreen.storyboard in Resources */ = {isa = PBXBuildFile; fileRef = DCDC47CD27E73A9F007497AB /* LaunchScreen.storyboard */; };
		DCDC47DC27E748C3007497AB /* LoginView.swift in Sources */ = {isa = PBXBuildFile; fileRef = DCDC47DB27E748C3007497AB /* LoginView.swift */; };
		DCDC47DF27E8BFE7007497AB /* OnboardingContainerViewController.swift in Sources */ = {isa = PBXBuildFile; fileRef = DCDC47DE27E8BFE7007497AB /* OnboardingContainerViewController.swift */; };
		DCDC47E127E8C4F3007497AB /* OnboardingViewController.swift in Sources */ = {isa = PBXBuildFile; fileRef = DCDC47E027E8C4F3007497AB /* OnboardingViewController.swift */; };
		DCDC47E327EA225F007497AB /* DummyViewController.swift in Sources */ = {isa = PBXBuildFile; fileRef = DCDC47E227EA225F007497AB /* DummyViewController.swift */; };
		DCDC47E627ECC507007497AB /* LocalState.swift in Sources */ = {isa = PBXBuildFile; fileRef = DCDC47E527ECC507007497AB /* LocalState.swift */; };
		DCDC47E827ECCF46007497AB /* UIViewController+Utils.swift in Sources */ = {isa = PBXBuildFile; fileRef = DCDC47E727ECCF46007497AB /* UIViewController+Utils.swift */; };
		DCDC47EA27ECD09B007497AB /* MainViewController.swift in Sources */ = {isa = PBXBuildFile; fileRef = DCDC47E927ECD09B007497AB /* MainViewController.swift */; };
		DCDC47ED27ED5B4A007497AB /* AccountSummaryViewController.swift in Sources */ = {isa = PBXBuildFile; fileRef = DCDC47EC27ED5B4A007497AB /* AccountSummaryViewController.swift */; };
		DCDC47EF27ED5E12007497AB /* AccountSummaryHeaderView.swift in Sources */ = {isa = PBXBuildFile; fileRef = DCDC47EE27ED5E12007497AB /* AccountSummaryHeaderView.swift */; };
		DCDC47F127ED5E42007497AB /* AccountSummaryHeaderView.xib in Resources */ = {isa = PBXBuildFile; fileRef = DCDC47F027ED5E42007497AB /* AccountSummaryHeaderView.xib */; };
/* End PBXBuildFile section */

/* Begin PBXContainerItemProxy section */
		DC3455DB27EEBEC300FBBA89 /* PBXContainerItemProxy */ = {
			isa = PBXContainerItemProxy;
			containerPortal = DCDC47B727E73A9E007497AB /* Project object */;
			proxyType = 1;
			remoteGlobalIDString = DCDC47BE27E73A9F007497AB;
			remoteInfo = Bankey;
		};
/* End PBXContainerItemProxy section */

/* Begin PBXFileReference section */
		DC3455CD27ED9C1900FBBA89 /* AccountSummaryCell.swift */ = {isa = PBXFileReference; lastKnownFileType = sourcecode.swift; path = AccountSummaryCell.swift; sourceTree = "<group>"; };
		DC3455CF27EEBA8900FBBA89 /* DecimalUtils.swift */ = {isa = PBXFileReference; lastKnownFileType = sourcecode.swift; path = DecimalUtils.swift; sourceTree = "<group>"; };
		DC3455D127EEBABA00FBBA89 /* CurrencyFormatter.swift */ = {isa = PBXFileReference; lastKnownFileType = sourcecode.swift; path = CurrencyFormatter.swift; sourceTree = "<group>"; };
		DC3455D727EEBEC300FBBA89 /* BankeyUnitTests.xctest */ = {isa = PBXFileReference; explicitFileType = wrapper.cfbundle; includeInIndex = 0; path = BankeyUnitTests.xctest; sourceTree = BUILT_PRODUCTS_DIR; };
		DC3455E027EEC4E400FBBA89 /* CurrencyFormatterTests.swift */ = {isa = PBXFileReference; lastKnownFileType = sourcecode.swift; path = CurrencyFormatterTests.swift; sourceTree = "<group>"; };
		DC3455E227EF494200FBBA89 /* NSNotificationName.swift */ = {isa = PBXFileReference; lastKnownFileType = sourcecode.swift; path = NSNotificationName.swift; sourceTree = "<group>"; };
		DC3455E427EF4C7300FBBA89 /* UITextField+SecureToggle.swift */ = {isa = PBXFileReference; lastKnownFileType = sourcecode.swift; path = "UITextField+SecureToggle.swift"; sourceTree = "<group>"; };
		DCDC47BF27E73A9F007497AB /* Bankey.app */ = {isa = PBXFileReference; explicitFileType = wrapper.application; includeInIndex = 0; path = Bankey.app; sourceTree = BUILT_PRODUCTS_DIR; };
		DCDC47C227E73A9F007497AB /* AppDelegate.swift */ = {isa = PBXFileReference; lastKnownFileType = sourcecode.swift; path = AppDelegate.swift; sourceTree = "<group>"; };
		DCDC47C627E73A9F007497AB /* LoginViewController.swift */ = {isa = PBXFileReference; lastKnownFileType = sourcecode.swift; path = LoginViewController.swift; sourceTree = "<group>"; };
		DCDC47CB27E73A9F007497AB /* Assets.xcassets */ = {isa = PBXFileReference; lastKnownFileType = folder.assetcatalog; path = Assets.xcassets; sourceTree = "<group>"; };
		DCDC47CE27E73A9F007497AB /* Base */ = {isa = PBXFileReference; lastKnownFileType = file.storyboard; name = Base; path = Base.lproj/LaunchScreen.storyboard; sourceTree = "<group>"; };
		DCDC47D027E73A9F007497AB /* Info.plist */ = {isa = PBXFileReference; lastKnownFileType = text.plist.xml; path = Info.plist; sourceTree = "<group>"; };
		DCDC47DB27E748C3007497AB /* LoginView.swift */ = {isa = PBXFileReference; lastKnownFileType = sourcecode.swift; path = LoginView.swift; sourceTree = "<group>"; };
		DCDC47DE27E8BFE7007497AB /* OnboardingContainerViewController.swift */ = {isa = PBXFileReference; lastKnownFileType = sourcecode.swift; path = OnboardingContainerViewController.swift; sourceTree = "<group>"; };
		DCDC47E027E8C4F3007497AB /* OnboardingViewController.swift */ = {isa = PBXFileReference; lastKnownFileType = sourcecode.swift; path = OnboardingViewController.swift; sourceTree = "<group>"; };
		DCDC47E227EA225F007497AB /* DummyViewController.swift */ = {isa = PBXFileReference; lastKnownFileType = sourcecode.swift; path = DummyViewController.swift; sourceTree = "<group>"; };
		DCDC47E527ECC507007497AB /* LocalState.swift */ = {isa = PBXFileReference; lastKnownFileType = sourcecode.swift; path = LocalState.swift; sourceTree = "<group>"; };
		DCDC47E727ECCF46007497AB /* UIViewController+Utils.swift */ = {isa = PBXFileReference; lastKnownFileType = sourcecode.swift; path = "UIViewController+Utils.swift"; sourceTree = "<group>"; };
		DCDC47E927ECD09B007497AB /* MainViewController.swift */ = {isa = PBXFileReference; lastKnownFileType = sourcecode.swift; path = MainViewController.swift; sourceTree = "<group>"; };
		DCDC47EC27ED5B4A007497AB /* AccountSummaryViewController.swift */ = {isa = PBXFileReference; lastKnownFileType = sourcecode.swift; path = AccountSummaryViewController.swift; sourceTree = "<group>"; };
		DCDC47EE27ED5E12007497AB /* AccountSummaryHeaderView.swift */ = {isa = PBXFileReference; lastKnownFileType = sourcecode.swift; path = AccountSummaryHeaderView.swift; sourceTree = "<group>"; };
		DCDC47F027ED5E42007497AB /* AccountSummaryHeaderView.xib */ = {isa = PBXFileReference; lastKnownFileType = file.xib; path = AccountSummaryHeaderView.xib; sourceTree = "<group>"; };
/* End PBXFileReference section */

/* Begin PBXFrameworksBuildPhase section */
		DC3455D427EEBEC300FBBA89 /* Frameworks */ = {
			isa = PBXFrameworksBuildPhase;
			buildActionMask = 2147483647;
			files = (
			);
			runOnlyForDeploymentPostprocessing = 0;
		};
		DCDC47BC27E73A9F007497AB /* Frameworks */ = {
			isa = PBXFrameworksBuildPhase;
			buildActionMask = 2147483647;
			files = (
			);
			runOnlyForDeploymentPostprocessing = 0;
		};
/* End PBXFrameworksBuildPhase section */

/* Begin PBXGroup section */
		DC3455CB27ED9BF200FBBA89 /* Header */ = {
			isa = PBXGroup;
			children = (
				DCDC47EE27ED5E12007497AB /* AccountSummaryHeaderView.swift */,
				DCDC47F027ED5E42007497AB /* AccountSummaryHeaderView.xib */,
			);
			path = Header;
			sourceTree = "<group>";
		};
		DC3455CC27ED9C0200FBBA89 /* Cells */ = {
			isa = PBXGroup;
			children = (
				DC3455CD27ED9C1900FBBA89 /* AccountSummaryCell.swift */,
			);
			path = Cells;
			sourceTree = "<group>";
		};
		DC3455D827EEBEC300FBBA89 /* BankeyUnitTests */ = {
			isa = PBXGroup;
			children = (
				DC3455E027EEC4E400FBBA89 /* CurrencyFormatterTests.swift */,
			);
			path = BankeyUnitTests;
			sourceTree = "<group>";
		};
		DCDC47B627E73A9E007497AB = {
			isa = PBXGroup;
			children = (
				DCDC47C127E73A9F007497AB /* Bankey */,
				DC3455D827EEBEC300FBBA89 /* BankeyUnitTests */,
				DCDC47C027E73A9F007497AB /* Products */,
			);
			sourceTree = "<group>";
		};
		DCDC47C027E73A9F007497AB /* Products */ = {
			isa = PBXGroup;
			children = (
				DCDC47BF27E73A9F007497AB /* Bankey.app */,
				DC3455D727EEBEC300FBBA89 /* BankeyUnitTests.xctest */,
			);
			name = Products;
			sourceTree = "<group>";
		};
		DCDC47C127E73A9F007497AB /* Bankey */ = {
			isa = PBXGroup;
			children = (
				DCDC47C227E73A9F007497AB /* AppDelegate.swift */,
				DCDC47E927ECD09B007497AB /* MainViewController.swift */,
				DCDC47EB27ED5B24007497AB /* AccountSummary */,
				DCDC47E427ECC4FA007497AB /* Utils */,
				DCDC47DD27E8BFB5007497AB /* Onboarding */,
				DCDC47DA27E7487F007497AB /* Login */,
				DCDC47D627E747EE007497AB /* Files */,
			);
			path = Bankey;
			sourceTree = "<group>";
		};
		DCDC47D627E747EE007497AB /* Files */ = {
			isa = PBXGroup;
			children = (
				DCDC47CB27E73A9F007497AB /* Assets.xcassets */,
				DCDC47CD27E73A9F007497AB /* LaunchScreen.storyboard */,
				DCDC47D027E73A9F007497AB /* Info.plist */,
			);
			name = Files;
			sourceTree = "<group>";
		};
		DCDC47DA27E7487F007497AB /* Login */ = {
			isa = PBXGroup;
			children = (
				DCDC47C627E73A9F007497AB /* LoginViewController.swift */,
				DCDC47DB27E748C3007497AB /* LoginView.swift */,
				DCDC47E227EA225F007497AB /* DummyViewController.swift */,
			);
			path = Login;
			sourceTree = "<group>";
		};
		DCDC47DD27E8BFB5007497AB /* Onboarding */ = {
			isa = PBXGroup;
			children = (
				DCDC47DE27E8BFE7007497AB /* OnboardingContainerViewController.swift */,
				DCDC47E027E8C4F3007497AB /* OnboardingViewController.swift */,
			);
			path = Onboarding;
			sourceTree = "<group>";
		};
		DCDC47E427ECC4FA007497AB /* Utils */ = {
			isa = PBXGroup;
			children = (
				DCDC47E527ECC507007497AB /* LocalState.swift */,
				DCDC47E727ECCF46007497AB /* UIViewController+Utils.swift */,
				DC3455CF27EEBA8900FBBA89 /* DecimalUtils.swift */,
				DC3455D127EEBABA00FBBA89 /* CurrencyFormatter.swift */,
				DC3455E227EF494200FBBA89 /* NSNotificationName.swift */,
				DC3455E427EF4C7300FBBA89 /* UITextField+SecureToggle.swift */,
			);
			path = Utils;
			sourceTree = "<group>";
		};
		DCDC47EB27ED5B24007497AB /* AccountSummary */ = {
			isa = PBXGroup;
			children = (
				DC3455CC27ED9C0200FBBA89 /* Cells */,
				DC3455CB27ED9BF200FBBA89 /* Header */,
				DCDC47EC27ED5B4A007497AB /* AccountSummaryViewController.swift */,
			);
			path = AccountSummary;
			sourceTree = "<group>";
		};
/* End PBXGroup section */

/* Begin PBXNativeTarget section */
		DC3455D627EEBEC300FBBA89 /* BankeyUnitTests */ = {
			isa = PBXNativeTarget;
			buildConfigurationList = DC3455DD27EEBEC300FBBA89 /* Build configuration list for PBXNativeTarget "BankeyUnitTests" */;
			buildPhases = (
				DC3455D327EEBEC300FBBA89 /* Sources */,
				DC3455D427EEBEC300FBBA89 /* Frameworks */,
				DC3455D527EEBEC300FBBA89 /* Resources */,
			);
			buildRules = (
			);
			dependencies = (
				DC3455DC27EEBEC300FBBA89 /* PBXTargetDependency */,
			);
			name = BankeyUnitTests;
			productName = BankeyUnitTests;
			productReference = DC3455D727EEBEC300FBBA89 /* BankeyUnitTests.xctest */;
			productType = "com.apple.product-type.bundle.unit-test";
		};
		DCDC47BE27E73A9F007497AB /* Bankey */ = {
			isa = PBXNativeTarget;
			buildConfigurationList = DCDC47D327E73A9F007497AB /* Build configuration list for PBXNativeTarget "Bankey" */;
			buildPhases = (
				DCDC47BB27E73A9F007497AB /* Sources */,
				DCDC47BC27E73A9F007497AB /* Frameworks */,
				DCDC47BD27E73A9F007497AB /* Resources */,
			);
			buildRules = (
			);
			dependencies = (
			);
			name = Bankey;
			productName = Bankey;
			productReference = DCDC47BF27E73A9F007497AB /* Bankey.app */;
			productType = "com.apple.product-type.application";
		};
/* End PBXNativeTarget section */

/* Begin PBXProject section */
		DCDC47B727E73A9E007497AB /* Project object */ = {
			isa = PBXProject;
			attributes = {
				BuildIndependentTargetsInParallel = 1;
				LastSwiftUpdateCheck = 1330;
				LastUpgradeCheck = 1330;
				TargetAttributes = {
					DC3455D627EEBEC300FBBA89 = {
						CreatedOnToolsVersion = 13.3;
						LastSwiftMigration = 1330;
						TestTargetID = DCDC47BE27E73A9F007497AB;
					};
					DCDC47BE27E73A9F007497AB = {
						CreatedOnToolsVersion = 13.3;
					};
				};
			};
			buildConfigurationList = DCDC47BA27E73A9E007497AB /* Build configuration list for PBXProject "Bankey" */;
			compatibilityVersion = "Xcode 13.0";
			developmentRegion = en;
			hasScannedForEncodings = 0;
			knownRegions = (
				en,
				Base,
			);
			mainGroup = DCDC47B627E73A9E007497AB;
			productRefGroup = DCDC47C027E73A9F007497AB /* Products */;
			projectDirPath = "";
			projectRoot = "";
			targets = (
				DCDC47BE27E73A9F007497AB /* Bankey */,
				DC3455D627EEBEC300FBBA89 /* BankeyUnitTests */,
			);
		};
/* End PBXProject section */

/* Begin PBXResourcesBuildPhase section */
		DC3455D527EEBEC300FBBA89 /* Resources */ = {
			isa = PBXResourcesBuildPhase;
			buildActionMask = 2147483647;
			files = (
			);
			runOnlyForDeploymentPostprocessing = 0;
		};
		DCDC47BD27E73A9F007497AB /* Resources */ = {
			isa = PBXResourcesBuildPhase;
			buildActionMask = 2147483647;
			files = (
				DCDC47F127ED5E42007497AB /* AccountSummaryHeaderView.xib in Resources */,
				DCDC47CF27E73A9F007497AB /* LaunchScreen.storyboard in Resources */,
				DCDC47CC27E73A9F007497AB /* Assets.xcassets in Resources */,
			);
			runOnlyForDeploymentPostprocessing = 0;
		};
/* End PBXResourcesBuildPhase section */

/* Begin PBXSourcesBuildPhase section */
		DC3455D327EEBEC300FBBA89 /* Sources */ = {
			isa = PBXSourcesBuildPhase;
			buildActionMask = 2147483647;
			files = (
				DC3455E127EEC4E400FBBA89 /* CurrencyFormatterTests.swift in Sources */,
			);
			runOnlyForDeploymentPostprocessing = 0;
		};
		DCDC47BB27E73A9F007497AB /* Sources */ = {
			isa = PBXSourcesBuildPhase;
			buildActionMask = 2147483647;
			files = (
				DCDC47E827ECCF46007497AB /* UIViewController+Utils.swift in Sources */,
				DCDC47DC27E748C3007497AB /* LoginView.swift in Sources */,
				DCDC47E627ECC507007497AB /* LocalState.swift in Sources */,
				DCDC47EF27ED5E12007497AB /* AccountSummaryHeaderView.swift in Sources */,
				DC3455E527EF4C7300FBBA89 /* UITextField+SecureToggle.swift in Sources */,
				DCDC47E327EA225F007497AB /* DummyViewController.swift in Sources */,
				DC3455D227EEBABA00FBBA89 /* CurrencyFormatter.swift in Sources */,
				DC3455D027EEBA8900FBBA89 /* DecimalUtils.swift in Sources */,
				DC3455E327EF494200FBBA89 /* NSNotificationName.swift in Sources */,
				DCDC47C727E73A9F007497AB /* LoginViewController.swift in Sources */,
				DC3455CE27ED9C1900FBBA89 /* AccountSummaryCell.swift in Sources */,
				DCDC47E127E8C4F3007497AB /* OnboardingViewController.swift in Sources */,
				DCDC47EA27ECD09B007497AB /* MainViewController.swift in Sources */,
				DCDC47ED27ED5B4A007497AB /* AccountSummaryViewController.swift in Sources */,
				DCDC47C327E73A9F007497AB /* AppDelegate.swift in Sources */,
				DCDC47DF27E8BFE7007497AB /* OnboardingContainerViewController.swift in Sources */,
			);
			runOnlyForDeploymentPostprocessing = 0;
		};
/* End PBXSourcesBuildPhase section */

/* Begin PBXTargetDependency section */
		DC3455DC27EEBEC300FBBA89 /* PBXTargetDependency */ = {
			isa = PBXTargetDependency;
			target = DCDC47BE27E73A9F007497AB /* Bankey */;
			targetProxy = DC3455DB27EEBEC300FBBA89 /* PBXContainerItemProxy */;
		};
/* End PBXTargetDependency section */

/* Begin PBXVariantGroup section */
		DCDC47CD27E73A9F007497AB /* LaunchScreen.storyboard */ = {
			isa = PBXVariantGroup;
			children = (
				DCDC47CE27E73A9F007497AB /* Base */,
			);
			name = LaunchScreen.storyboard;
			sourceTree = "<group>";
		};
/* End PBXVariantGroup section */

/* Begin XCBuildConfiguration section */
		DC3455DE27EEBEC300FBBA89 /* Debug */ = {
			isa = XCBuildConfiguration;
			buildSettings = {
				BUNDLE_LOADER = "$(TEST_HOST)";
				CLANG_ENABLE_MODULES = YES;
				CODE_SIGN_STYLE = Automatic;
				CURRENT_PROJECT_VERSION = 1;
				DEVELOPMENT_TEAM = 9786TSAYF2;
				GENERATE_INFOPLIST_FILE = YES;
				LD_RUNPATH_SEARCH_PATHS = (
					"$(inherited)",
					"@executable_path/Frameworks",
					"@loader_path/Frameworks",
				);
				MARKETING_VERSION = 1.0;
				PRODUCT_BUNDLE_IDENTIFIER = "Kamonpan.iOS14-InstagramFirestore.BankeyUnitTests";
				PRODUCT_NAME = "$(TARGET_NAME)";
				SWIFT_EMIT_LOC_STRINGS = NO;
				SWIFT_OPTIMIZATION_LEVEL = "-Onone";
				SWIFT_VERSION = 5.0;
				TARGETED_DEVICE_FAMILY = "1,2";
				TEST_HOST = "$(BUILT_PRODUCTS_DIR)/Bankey.app/Bankey";
			};
			name = Debug;
		};
		DC3455DF27EEBEC300FBBA89 /* Release */ = {
			isa = XCBuildConfiguration;
			buildSettings = {
				BUNDLE_LOADER = "$(TEST_HOST)";
				CLANG_ENABLE_MODULES = YES;
				CODE_SIGN_STYLE = Automatic;
				CURRENT_PROJECT_VERSION = 1;
				DEVELOPMENT_TEAM = 9786TSAYF2;
				GENERATE_INFOPLIST_FILE = YES;
				LD_RUNPATH_SEARCH_PATHS = (
					"$(inherited)",
					"@executable_path/Frameworks",
					"@loader_path/Frameworks",
				);
				MARKETING_VERSION = 1.0;
				PRODUCT_BUNDLE_IDENTIFIER = "Kamonpan.iOS14-InstagramFirestore.BankeyUnitTests";
				PRODUCT_NAME = "$(TARGET_NAME)";
				SWIFT_EMIT_LOC_STRINGS = NO;
				SWIFT_VERSION = 5.0;
				TARGETED_DEVICE_FAMILY = "1,2";
				TEST_HOST = "$(BUILT_PRODUCTS_DIR)/Bankey.app/Bankey";
			};
			name = Release;
		};
		DCDC47D127E73A9F007497AB /* Debug */ = {
			isa = XCBuildConfiguration;
			buildSettings = {
				ALWAYS_SEARCH_USER_PATHS = NO;
				CLANG_ANALYZER_NONNULL = YES;
				CLANG_ANALYZER_NUMBER_OBJECT_CONVERSION = YES_AGGRESSIVE;
				CLANG_CXX_LANGUAGE_STANDARD = "gnu++17";
				CLANG_ENABLE_MODULES = YES;
				CLANG_ENABLE_OBJC_ARC = YES;
				CLANG_ENABLE_OBJC_WEAK = YES;
				CLANG_WARN_BLOCK_CAPTURE_AUTORELEASING = YES;
				CLANG_WARN_BOOL_CONVERSION = YES;
				CLANG_WARN_COMMA = YES;
				CLANG_WARN_CONSTANT_CONVERSION = YES;
				CLANG_WARN_DEPRECATED_OBJC_IMPLEMENTATIONS = YES;
				CLANG_WARN_DIRECT_OBJC_ISA_USAGE = YES_ERROR;
				CLANG_WARN_DOCUMENTATION_COMMENTS = YES;
				CLANG_WARN_EMPTY_BODY = YES;
				CLANG_WARN_ENUM_CONVERSION = YES;
				CLANG_WARN_INFINITE_RECURSION = YES;
				CLANG_WARN_INT_CONVERSION = YES;
				CLANG_WARN_NON_LITERAL_NULL_CONVERSION = YES;
				CLANG_WARN_OBJC_IMPLICIT_RETAIN_SELF = YES;
				CLANG_WARN_OBJC_LITERAL_CONVERSION = YES;
				CLANG_WARN_OBJC_ROOT_CLASS = YES_ERROR;
				CLANG_WARN_QUOTED_INCLUDE_IN_FRAMEWORK_HEADER = YES;
				CLANG_WARN_RANGE_LOOP_ANALYSIS = YES;
				CLANG_WARN_STRICT_PROTOTYPES = YES;
				CLANG_WARN_SUSPICIOUS_MOVE = YES;
				CLANG_WARN_UNGUARDED_AVAILABILITY = YES_AGGRESSIVE;
				CLANG_WARN_UNREACHABLE_CODE = YES;
				CLANG_WARN__DUPLICATE_METHOD_MATCH = YES;
				COPY_PHASE_STRIP = NO;
				DEBUG_INFORMATION_FORMAT = dwarf;
				ENABLE_STRICT_OBJC_MSGSEND = YES;
				ENABLE_TESTABILITY = YES;
				GCC_C_LANGUAGE_STANDARD = gnu11;
				GCC_DYNAMIC_NO_PIC = NO;
				GCC_NO_COMMON_BLOCKS = YES;
				GCC_OPTIMIZATION_LEVEL = 0;
				GCC_PREPROCESSOR_DEFINITIONS = (
					"DEBUG=1",
					"$(inherited)",
				);
				GCC_WARN_64_TO_32_BIT_CONVERSION = YES;
				GCC_WARN_ABOUT_RETURN_TYPE = YES_ERROR;
				GCC_WARN_UNDECLARED_SELECTOR = YES;
				GCC_WARN_UNINITIALIZED_AUTOS = YES_AGGRESSIVE;
				GCC_WARN_UNUSED_FUNCTION = YES;
				GCC_WARN_UNUSED_VARIABLE = YES;
				IPHONEOS_DEPLOYMENT_TARGET = 15.4;
				MTL_ENABLE_DEBUG_INFO = INCLUDE_SOURCE;
				MTL_FAST_MATH = YES;
				ONLY_ACTIVE_ARCH = YES;
				SDKROOT = iphoneos;
				SWIFT_ACTIVE_COMPILATION_CONDITIONS = DEBUG;
				SWIFT_OPTIMIZATION_LEVEL = "-Onone";
			};
			name = Debug;
		};
		DCDC47D227E73A9F007497AB /* Release */ = {
			isa = XCBuildConfiguration;
			buildSettings = {
				ALWAYS_SEARCH_USER_PATHS = NO;
				CLANG_ANALYZER_NONNULL = YES;
				CLANG_ANALYZER_NUMBER_OBJECT_CONVERSION = YES_AGGRESSIVE;
				CLANG_CXX_LANGUAGE_STANDARD = "gnu++17";
				CLANG_ENABLE_MODULES = YES;
				CLANG_ENABLE_OBJC_ARC = YES;
				CLANG_ENABLE_OBJC_WEAK = YES;
				CLANG_WARN_BLOCK_CAPTURE_AUTORELEASING = YES;
				CLANG_WARN_BOOL_CONVERSION = YES;
				CLANG_WARN_COMMA = YES;
				CLANG_WARN_CONSTANT_CONVERSION = YES;
				CLANG_WARN_DEPRECATED_OBJC_IMPLEMENTATIONS = YES;
				CLANG_WARN_DIRECT_OBJC_ISA_USAGE = YES_ERROR;
				CLANG_WARN_DOCUMENTATION_COMMENTS = YES;
				CLANG_WARN_EMPTY_BODY = YES;
				CLANG_WARN_ENUM_CONVERSION = YES;
				CLANG_WARN_INFINITE_RECURSION = YES;
				CLANG_WARN_INT_CONVERSION = YES;
				CLANG_WARN_NON_LITERAL_NULL_CONVERSION = YES;
				CLANG_WARN_OBJC_IMPLICIT_RETAIN_SELF = YES;
				CLANG_WARN_OBJC_LITERAL_CONVERSION = YES;
				CLANG_WARN_OBJC_ROOT_CLASS = YES_ERROR;
				CLANG_WARN_QUOTED_INCLUDE_IN_FRAMEWORK_HEADER = YES;
				CLANG_WARN_RANGE_LOOP_ANALYSIS = YES;
				CLANG_WARN_STRICT_PROTOTYPES = YES;
				CLANG_WARN_SUSPICIOUS_MOVE = YES;
				CLANG_WARN_UNGUARDED_AVAILABILITY = YES_AGGRESSIVE;
				CLANG_WARN_UNREACHABLE_CODE = YES;
				CLANG_WARN__DUPLICATE_METHOD_MATCH = YES;
				COPY_PHASE_STRIP = NO;
				DEBUG_INFORMATION_FORMAT = "dwarf-with-dsym";
				ENABLE_NS_ASSERTIONS = NO;
				ENABLE_STRICT_OBJC_MSGSEND = YES;
				GCC_C_LANGUAGE_STANDARD = gnu11;
				GCC_NO_COMMON_BLOCKS = YES;
				GCC_WARN_64_TO_32_BIT_CONVERSION = YES;
				GCC_WARN_ABOUT_RETURN_TYPE = YES_ERROR;
				GCC_WARN_UNDECLARED_SELECTOR = YES;
				GCC_WARN_UNINITIALIZED_AUTOS = YES_AGGRESSIVE;
				GCC_WARN_UNUSED_FUNCTION = YES;
				GCC_WARN_UNUSED_VARIABLE = YES;
				IPHONEOS_DEPLOYMENT_TARGET = 15.4;
				MTL_ENABLE_DEBUG_INFO = NO;
				MTL_FAST_MATH = YES;
				SDKROOT = iphoneos;
				SWIFT_COMPILATION_MODE = wholemodule;
				SWIFT_OPTIMIZATION_LEVEL = "-O";
				VALIDATE_PRODUCT = YES;
			};
			name = Release;
		};
		DCDC47D427E73A9F007497AB /* Debug */ = {
			isa = XCBuildConfiguration;
			buildSettings = {
				ASSETCATALOG_COMPILER_APPICON_NAME = AppIcon;
				ASSETCATALOG_COMPILER_GLOBAL_ACCENT_COLOR_NAME = AccentColor;
				CODE_SIGN_STYLE = Automatic;
				CURRENT_PROJECT_VERSION = 1;
				DEVELOPMENT_TEAM = 9786TSAYF2;
				GENERATE_INFOPLIST_FILE = YES;
				INFOPLIST_FILE = Bankey/Info.plist;
				INFOPLIST_KEY_UIApplicationSupportsIndirectInputEvents = YES;
				INFOPLIST_KEY_UILaunchStoryboardName = LaunchScreen;
				INFOPLIST_KEY_UISupportedInterfaceOrientations_iPad = "UIInterfaceOrientationPortrait UIInterfaceOrientationPortraitUpsideDown UIInterfaceOrientationLandscapeLeft UIInterfaceOrientationLandscapeRight";
				INFOPLIST_KEY_UISupportedInterfaceOrientations_iPhone = "UIInterfaceOrientationPortrait UIInterfaceOrientationLandscapeLeft UIInterfaceOrientationLandscapeRight";
				IPHONEOS_DEPLOYMENT_TARGET = 15.0;
				LD_RUNPATH_SEARCH_PATHS = (
					"$(inherited)",
					"@executable_path/Frameworks",
				);
				MARKETING_VERSION = 1.0;
				PRODUCT_BUNDLE_IDENTIFIER = "Kamonpan.iOS14-InstagramFirestore.Bankey";
				PRODUCT_NAME = "$(TARGET_NAME)";
				SWIFT_EMIT_LOC_STRINGS = YES;
				SWIFT_VERSION = 5.0;
				TARGETED_DEVICE_FAMILY = "1,2";
			};
			name = Debug;
		};
		DCDC47D527E73A9F007497AB /* Release */ = {
			isa = XCBuildConfiguration;
			buildSettings = {
				ASSETCATALOG_COMPILER_APPICON_NAME = AppIcon;
				ASSETCATALOG_COMPILER_GLOBAL_ACCENT_COLOR_NAME = AccentColor;
				CODE_SIGN_STYLE = Automatic;
				CURRENT_PROJECT_VERSION = 1;
				DEVELOPMENT_TEAM = 9786TSAYF2;
				GENERATE_INFOPLIST_FILE = YES;
				INFOPLIST_FILE = Bankey/Info.plist;
				INFOPLIST_KEY_UIApplicationSupportsIndirectInputEvents = YES;
				INFOPLIST_KEY_UILaunchStoryboardName = LaunchScreen;
				INFOPLIST_KEY_UISupportedInterfaceOrientations_iPad = "UIInterfaceOrientationPortrait UIInterfaceOrientationPortraitUpsideDown UIInterfaceOrientationLandscapeLeft UIInterfaceOrientationLandscapeRight";
				INFOPLIST_KEY_UISupportedInterfaceOrientations_iPhone = "UIInterfaceOrientationPortrait UIInterfaceOrientationLandscapeLeft UIInterfaceOrientationLandscapeRight";
				IPHONEOS_DEPLOYMENT_TARGET = 15.0;
				LD_RUNPATH_SEARCH_PATHS = (
					"$(inherited)",
					"@executable_path/Frameworks",
				);
				MARKETING_VERSION = 1.0;
				PRODUCT_BUNDLE_IDENTIFIER = "Kamonpan.iOS14-InstagramFirestore.Bankey";
				PRODUCT_NAME = "$(TARGET_NAME)";
				SWIFT_EMIT_LOC_STRINGS = YES;
				SWIFT_VERSION = 5.0;
				TARGETED_DEVICE_FAMILY = "1,2";
			};
			name = Release;
		};
/* End XCBuildConfiguration section */

/* Begin XCConfigurationList section */
		DC3455DD27EEBEC300FBBA89 /* Build configuration list for PBXNativeTarget "BankeyUnitTests" */ = {
			isa = XCConfigurationList;
			buildConfigurations = (
				DC3455DE27EEBEC300FBBA89 /* Debug */,
				DC3455DF27EEBEC300FBBA89 /* Release */,
			);
			defaultConfigurationIsVisible = 0;
			defaultConfigurationName = Release;
		};
		DCDC47BA27E73A9E007497AB /* Build configuration list for PBXProject "Bankey" */ = {
			isa = XCConfigurationList;
			buildConfigurations = (
				DCDC47D127E73A9F007497AB /* Debug */,
				DCDC47D227E73A9F007497AB /* Release */,
			);
			defaultConfigurationIsVisible = 0;
			defaultConfigurationName = Release;
		};
		DCDC47D327E73A9F007497AB /* Build configuration list for PBXNativeTarget "Bankey" */ = {
			isa = XCConfigurationList;
			buildConfigurations = (
				DCDC47D427E73A9F007497AB /* Debug */,
				DCDC47D527E73A9F007497AB /* Release */,
			);
			defaultConfigurationIsVisible = 0;
			defaultConfigurationName = Release;
		};
/* End XCConfigurationList section */
	};
	rootObject = DCDC47B727E73A9E007497AB /* Project object */;
}
